
Microsoft Visual Studio Solution File, Format Version 12.00
# Visual Studio Version 16
VisualStudioVersion = 16.0.29905.134
MinimumVisualStudioVersion = 10.0.40219.1
Project("{FAE04EC0-301F-11D3-BF4B-00C04F79EFBC}") = "TestBertoniSolutionsWeb", "TestBertoniSolutionsWeb\TestBertoniSolutionsWeb.csproj", "{54EB997D-9217-45D1-9A6C-6277789653F6}"
EndProject
Global
	GlobalSection(SolutionConfigurationPlatforms) = preSolution
		Debug|Any CPU = Debug|Any CPU
		Release|Any CPU = Release|Any CPU
	EndGlobalSection
	GlobalSection(ProjectConfigurationPlatforms) = postSolution
		{54EB997D-9217-45D1-9A6C-6277789653F6}.Debug|Any CPU.ActiveCfg = Debug|Any CPU
		{54EB997D-9217-45D1-9A6C-6277789653F6}.Debug|Any CPU.Build.0 = Debug|Any CPU
		{54EB997D-9217-45D1-9A6C-6277789653F6}.Release|Any CPU.ActiveCfg = Release|Any CPU
		{54EB997D-9217-45D1-9A6C-6277789653F6}.Release|Any CPU.Build.0 = Release|Any CPU
	EndGlobalSection
	GlobalSection(SolutionProperties) = preSolution
		HideSolutionNode = FALSE
	EndGlobalSection
	GlobalSection(ExtensibilityGlobals) = postSolution
		SolutionGuid = {F2832F86-5EA4-49CF-AA95-E71CBE7B7A42}
	EndGlobalSection
EndGlobal
